
Microsoft Visual Studio Solution File, Format Version 12.00
# Visual Studio Version 17
VisualStudioVersion = 17.5.33530.505
MinimumVisualStudioVersion = 10.0.40219.1
Project("{FAE04EC0-301F-11D3-BF4B-00C04F79EFBC}") = "PA4CS", "PA4CS.csproj", "{AD03FD6F-FEB5-409E-A0E0-ADEF2067F559}"
EndProject
Global
	GlobalSection(SolutionConfigurationPlatforms) = preSolution
		Debug|Any CPU = Debug|Any CPU
		Release|Any CPU = Release|Any CPU
	EndGlobalSection
	GlobalSection(ProjectConfigurationPlatforms) = postSolution
		{AD03FD6F-FEB5-409E-A0E0-ADEF2067F559}.Debug|Any CPU.ActiveCfg = Debug|Any CPU
		{AD03FD6F-FEB5-409E-A0E0-ADEF2067F559}.Debug|Any CPU.Build.0 = Debug|Any CPU
		{AD03FD6F-FEB5-409E-A0E0-ADEF2067F559}.Release|Any CPU.ActiveCfg = Release|Any CPU
		{AD03FD6F-FEB5-409E-A0E0-ADEF2067F559}.Release|Any CPU.Build.0 = Release|Any CPU
	EndGlobalSection
	GlobalSection(SolutionProperties) = preSolution
		HideSolutionNode = FALSE
	EndGlobalSection
	GlobalSection(ExtensibilityGlobals) = postSolution
		SolutionGuid = {7B677B69-A18E-48A1-896C-4B1EAE2A517F}
	EndGlobalSection
EndGlobal
